
Microsoft Visual Studio Solution File, Format Version 12.00
# Visual Studio Version 17
VisualStudioVersion = 17.14.36511.14 d17.14
MinimumVisualStudioVersion = 10.0.40219.1
Project("{FAE04EC0-301F-11D3-BF4B-00C04F79EFBC}") = "ExceptionHandling", "ExceptionHandling\ExceptionHandling.csproj", "{68503288-04BB-4CF3-AD03-6CE8939712FF}"
EndProject
Global
	GlobalSection(SolutionConfigurationPlatforms) = preSolution
		Debug|Any CPU = Debug|Any CPU
		Release|Any CPU = Release|Any CPU
	EndGlobalSection
	GlobalSection(ProjectConfigurationPlatforms) = postSolution
		{68503288-04BB-4CF3-AD03-6CE8939712FF}.Debug|Any CPU.ActiveCfg = Debug|Any CPU
		{68503288-04BB-4CF3-AD03-6CE8939712FF}.Debug|Any CPU.Build.0 = Debug|Any CPU
		{68503288-04BB-4CF3-AD03-6CE8939712FF}.Release|Any CPU.ActiveCfg = Release|Any CPU
		{68503288-04BB-4CF3-AD03-6CE8939712FF}.Release|Any CPU.Build.0 = Release|Any CPU
	EndGlobalSection
	GlobalSection(SolutionProperties) = preSolution
		HideSolutionNode = FALSE
	EndGlobalSection
	GlobalSection(ExtensibilityGlobals) = postSolution
		SolutionGuid = {FAEE5AEC-85C9-4A6C-8406-752F4D2C10E4}
	EndGlobalSection
EndGlobal
